// !$*UTF8*$!
{
	archiveVersion = 1;
	classes = {
	};
	objectVersion = 46;
	objects = {

/* Begin PBXBuildFile section */
		775F63641C79A32C00839C48 /* AppDelegate.swift in Sources */ = {isa = PBXBuildFile; fileRef = 775F63631C79A32C00839C48 /* AppDelegate.swift */; };
		775F63661C79A32C00839C48 /* ViewController.swift in Sources */ = {isa = PBXBuildFile; fileRef = 775F63651C79A32C00839C48 /* ViewController.swift */; };
		775F63691C79A32C00839C48 /* Main.storyboard in Resources */ = {isa = PBXBuildFile; fileRef = 775F63671C79A32C00839C48 /* Main.storyboard */; };
		775F636B1C79A32C00839C48 /* Assets.xcassets in Resources */ = {isa = PBXBuildFile; fileRef = 775F636A1C79A32C00839C48 /* Assets.xcassets */; };
		775F636E1C79A32C00839C48 /* LaunchScreen.storyboard in Resources */ = {isa = PBXBuildFile; fileRef = 775F636C1C79A32C00839C48 /* LaunchScreen.storyboard */; };
		775F63791C79A32C00839C48 /* YouKUTests.swift in Sources */ = {isa = PBXBuildFile; fileRef = 775F63781C79A32C00839C48 /* YouKUTests.swift */; };
		775F63841C79A32C00839C48 /* YouKUUITests.swift in Sources */ = {isa = PBXBuildFile; fileRef = 775F63831C79A32C00839C48 /* YouKUUITests.swift */; };
		775F63941C7F20FB00839C48 /* JCTabBarController.swift in Sources */ = {isa = PBXBuildFile; fileRef = 775F63931C7F20FB00839C48 /* JCTabBarController.swift */; };
		775F63981C7F2DC400839C48 /* JCHomeViewController.swift in Sources */ = {isa = PBXBuildFile; fileRef = 775F63971C7F2DC400839C48 /* JCHomeViewController.swift */; };
		775F639B1C7F327A00839C48 /* JCConst.swift in Sources */ = {isa = PBXBuildFile; fileRef = 775F639A1C7F327A00839C48 /* JCConst.swift */; };
/* End PBXBuildFile section */

/* Begin PBXContainerItemProxy section */
		775F63751C79A32C00839C48 /* PBXContainerItemProxy */ = {
			isa = PBXContainerItemProxy;
			containerPortal = 775F63581C79A32B00839C48 /* Project object */;
			proxyType = 1;
			remoteGlobalIDString = 775F635F1C79A32C00839C48;
			remoteInfo = YouKU;
		};
		775F63801C79A32C00839C48 /* PBXContainerItemProxy */ = {
			isa = PBXContainerItemProxy;
			containerPortal = 775F63581C79A32B00839C48 /* Project object */;
			proxyType = 1;
			remoteGlobalIDString = 775F635F1C79A32C00839C48;
			remoteInfo = YouKU;
		};
/* End PBXContainerItemProxy section */

/* Begin PBXFileReference section */
		775F63601C79A32C00839C48 /* YouKU.app */ = {isa = PBXFileReference; explicitFileType = wrapper.application; includeInIndex = 0; path = YouKU.app; sourceTree = BUILT_PRODUCTS_DIR; };
		775F63631C79A32C00839C48 /* AppDelegate.swift */ = {isa = PBXFileReference; lastKnownFileType = sourcecode.swift; path = AppDelegate.swift; sourceTree = "<group>"; };
		775F63651C79A32C00839C48 /* ViewController.swift */ = {isa = PBXFileReference; lastKnownFileType = sourcecode.swift; path = ViewController.swift; sourceTree = "<group>"; };
		775F63681C79A32C00839C48 /* Base */ = {isa = PBXFileReference; lastKnownFileType = file.storyboard; name = Base; path = Base.lproj/Main.storyboard; sourceTree = "<group>"; };
		775F636A1C79A32C00839C48 /* Assets.xcassets */ = {isa = PBXFileReference; lastKnownFileType = folder.assetcatalog; path = Assets.xcassets; sourceTree = "<group>"; };
		775F636D1C79A32C00839C48 /* Base */ = {isa = PBXFileReference; lastKnownFileType = file.storyboard; name = Base; path = Base.lproj/LaunchScreen.storyboard; sourceTree = "<group>"; };
		775F636F1C79A32C00839C48 /* Info.plist */ = {isa = PBXFileReference; lastKnownFileType = text.plist.xml; path = Info.plist; sourceTree = "<group>"; };
		775F63741C79A32C00839C48 /* YouKUTests.xctest */ = {isa = PBXFileReference; explicitFileType = wrapper.cfbundle; includeInIndex = 0; path = YouKUTests.xctest; sourceTree = BUILT_PRODUCTS_DIR; };
		775F63781C79A32C00839C48 /* YouKUTests.swift */ = {isa = PBXFileReference; lastKnownFileType = sourcecode.swift; path = YouKUTests.swift; sourceTree = "<group>"; };
		775F637A1C79A32C00839C48 /* Info.plist */ = {isa = PBXFileReference; lastKnownFileType = text.plist.xml; path = Info.plist; sourceTree = "<group>"; };
		775F637F1C79A32C00839C48 /* YouKUUITests.xctest */ = {isa = PBXFileReference; explicitFileType = wrapper.cfbundle; includeInIndex = 0; path = YouKUUITests.xctest; sourceTree = BUILT_PRODUCTS_DIR; };
		775F63831C79A32C00839C48 /* YouKUUITests.swift */ = {isa = PBXFileReference; lastKnownFileType = sourcecode.swift; path = YouKUUITests.swift; sourceTree = "<group>"; };
		775F63851C79A32C00839C48 /* Info.plist */ = {isa = PBXFileReference; lastKnownFileType = text.plist.xml; path = Info.plist; sourceTree = "<group>"; };
		775F63931C7F20FB00839C48 /* JCTabBarController.swift */ = {isa = PBXFileReference; fileEncoding = 4; lastKnownFileType = sourcecode.swift; path = JCTabBarController.swift; sourceTree = "<group>"; };
		775F63971C7F2DC400839C48 /* JCHomeViewController.swift */ = {isa = PBXFileReference; fileEncoding = 4; lastKnownFileType = sourcecode.swift; path = JCHomeViewController.swift; sourceTree = "<group>"; };
		775F639A1C7F327A00839C48 /* JCConst.swift */ = {isa = PBXFileReference; fileEncoding = 4; lastKnownFileType = sourcecode.swift; path = JCConst.swift; sourceTree = "<group>"; };
/* End PBXFileReference section */

/* Begin PBXFrameworksBuildPhase section */
		775F635D1C79A32C00839C48 /* Frameworks */ = {
			isa = PBXFrameworksBuildPhase;
			buildActionMask = 2147483647;
			files = (
			);
			runOnlyForDeploymentPostprocessing = 0;
		};
		775F63711C79A32C00839C48 /* Frameworks */ = {
			isa = PBXFrameworksBuildPhase;
			buildActionMask = 2147483647;
			files = (
			);
			runOnlyForDeploymentPostprocessing = 0;
		};
		775F637C1C79A32C00839C48 /* Frameworks */ = {
			isa = PBXFrameworksBuildPhase;
			buildActionMask = 2147483647;
			files = (
			);
			runOnlyForDeploymentPostprocessing = 0;
		};
/* End PBXFrameworksBuildPhase section */

/* Begin PBXGroup section */
		775F63571C79A32B00839C48 = {
			isa = PBXGroup;
			children = (
				775F63621C79A32C00839C48 /* YouKU */,
				775F63771C79A32C00839C48 /* YouKUTests */,
				775F63821C79A32C00839C48 /* YouKUUITests */,
				775F63611C79A32C00839C48 /* Products */,
			);
			sourceTree = "<group>";
		};
		775F63611C79A32C00839C48 /* Products */ = {
			isa = PBXGroup;
			children = (
				775F63601C79A32C00839C48 /* YouKU.app */,
				775F63741C79A32C00839C48 /* YouKUTests.xctest */,
				775F637F1C79A32C00839C48 /* YouKUUITests.xctest */,
			);
			name = Products;
			sourceTree = "<group>";
		};
		775F63621C79A32C00839C48 /* YouKU */ = {
			isa = PBXGroup;
			children = (
				775F63991C7F323500839C48 /* Const */,
				775F63951C7F2D9800839C48 /* Home */,
				775F63911C7F208100839C48 /* Main */,
				775F63631C79A32C00839C48 /* AppDelegate.swift */,
				775F63651C79A32C00839C48 /* ViewController.swift */,
				775F63671C79A32C00839C48 /* Main.storyboard */,
				775F636A1C79A32C00839C48 /* Assets.xcassets */,
				775F636C1C79A32C00839C48 /* LaunchScreen.storyboard */,
				775F636F1C79A32C00839C48 /* Info.plist */,
			);
			path = YouKU;
			sourceTree = "<group>";
		};
		775F63771C79A32C00839C48 /* YouKUTests */ = {
			isa = PBXGroup;
			children = (
				775F63781C79A32C00839C48 /* YouKUTests.swift */,
				775F637A1C79A32C00839C48 /* Info.plist */,
			);
			path = YouKUTests;
			sourceTree = "<group>";
		};
		775F63821C79A32C00839C48 /* YouKUUITests */ = {
			isa = PBXGroup;
			children = (
				775F63831C79A32C00839C48 /* YouKUUITests.swift */,
				775F63851C79A32C00839C48 /* Info.plist */,
			);
			path = YouKUUITests;
			sourceTree = "<group>";
		};
		775F63911C7F208100839C48 /* Main */ = {
			isa = PBXGroup;
			children = (
				775F63921C7F208C00839C48 /* Controller */,
			);
			name = Main;
			sourceTree = "<group>";
		};
		775F63921C7F208C00839C48 /* Controller */ = {
			isa = PBXGroup;
			children = (
				775F63931C7F20FB00839C48 /* JCTabBarController.swift */,
			);
			name = Controller;
			sourceTree = "<group>";
		};
		775F63951C7F2D9800839C48 /* Home */ = {
			isa = PBXGroup;
			children = (
				775F63961C7F2DA100839C48 /* Controller */,
			);
			name = Home;
			sourceTree = "<group>";
		};
		775F63961C7F2DA100839C48 /* Controller */ = {
			isa = PBXGroup;
			children = (
				775F63971C7F2DC400839C48 /* JCHomeViewController.swift */,
			);
			name = Controller;
			sourceTree = "<group>";
		};
		775F63991C7F323500839C48 /* Const */ = {
			isa = PBXGroup;
			children = (
				775F639A1C7F327A00839C48 /* JCConst.swift */,
			);
			name = Const;
			sourceTree = "<group>";
		};
/* End PBXGroup section */

/* Begin PBXNativeTarget section */
		775F635F1C79A32C00839C48 /* YouKU */ = {
			isa = PBXNativeTarget;
			buildConfigurationList = 775F63881C79A32C00839C48 /* Build configuration list for PBXNativeTarget "YouKU" */;
			buildPhases = (
				775F635C1C79A32C00839C48 /* Sources */,
				775F635D1C79A32C00839C48 /* Frameworks */,
				775F635E1C79A32C00839C48 /* Resources */,
			);
			buildRules = (
			);
			dependencies = (
			);
			name = YouKU;
			productName = YouKU;
			productReference = 775F63601C79A32C00839C48 /* YouKU.app */;
			productType = "com.apple.product-type.application";
		};
		775F63731C79A32C00839C48 /* YouKUTests */ = {
			isa = PBXNativeTarget;
			buildConfigurationList = 775F638B1C79A32C00839C48 /* Build configuration list for PBXNativeTarget "YouKUTests" */;
			buildPhases = (
				775F63701C79A32C00839C48 /* Sources */,
				775F63711C79A32C00839C48 /* Frameworks */,
				775F63721C79A32C00839C48 /* Resources */,
			);
			buildRules = (
			);
			dependencies = (
				775F63761C79A32C00839C48 /* PBXTargetDependency */,
			);
			name = YouKUTests;
			productName = YouKUTests;
			productReference = 775F63741C79A32C00839C48 /* YouKUTests.xctest */;
			productType = "com.apple.product-type.bundle.unit-test";
		};
		775F637E1C79A32C00839C48 /* YouKUUITests */ = {
			isa = PBXNativeTarget;
			buildConfigurationList = 775F638E1C79A32C00839C48 /* Build configuration list for PBXNativeTarget "YouKUUITests" */;
			buildPhases = (
				775F637B1C79A32C00839C48 /* Sources */,
				775F637C1C79A32C00839C48 /* Frameworks */,
				775F637D1C79A32C00839C48 /* Resources */,
			);
			buildRules = (
			);
			dependencies = (
				775F63811C79A32C00839C48 /* PBXTargetDependency */,
			);
			name = YouKUUITests;
			productName = YouKUUITests;
			productReference = 775F637F1C79A32C00839C48 /* YouKUUITests.xctest */;
			productType = "com.apple.product-type.bundle.ui-testing";
		};
/* End PBXNativeTarget section */

/* Begin PBXProject section */
		775F63581C79A32B00839C48 /* Project object */ = {
			isa = PBXProject;
			attributes = {
				LastSwiftUpdateCheck = 0720;
				LastUpgradeCheck = 0720;
				ORGANIZATIONNAME = wei.yuan;
				TargetAttributes = {
					775F635F1C79A32C00839C48 = {
						CreatedOnToolsVersion = 7.2;
						DevelopmentTeam = HFZR6372DX;
					};
					775F63731C79A32C00839C48 = {
						CreatedOnToolsVersion = 7.2;
						DevelopmentTeam = HFZR6372DX;
						TestTargetID = 775F635F1C79A32C00839C48;
					};
					775F637E1C79A32C00839C48 = {
						CreatedOnToolsVersion = 7.2;
						DevelopmentTeam = HFZR6372DX;
						TestTargetID = 775F635F1C79A32C00839C48;
					};
				};
			};
			buildConfigurationList = 775F635B1C79A32B00839C48 /* Build configuration list for PBXProject "YouKU" */;
			compatibilityVersion = "Xcode 3.2";
			developmentRegion = English;
			hasScannedForEncodings = 0;
			knownRegions = (
				en,
				Base,
			);
			mainGroup = 775F63571C79A32B00839C48;
			productRefGroup = 775F63611C79A32C00839C48 /* Products */;
			projectDirPath = "";
			projectRoot = "";
			targets = (
				775F635F1C79A32C00839C48 /* YouKU */,
				775F63731C79A32C00839C48 /* YouKUTests */,
				775F637E1C79A32C00839C48 /* YouKUUITests */,
			);
		};
/* End PBXProject section */

/* Begin PBXResourcesBuildPhase section */
		775F635E1C79A32C00839C48 /* Resources */ = {
			isa = PBXResourcesBuildPhase;
			buildActionMask = 2147483647;
			files = (
				775F636E1C79A32C00839C48 /* LaunchScreen.storyboard in Resources */,
				775F636B1C79A32C00839C48 /* Assets.xcassets in Resources */,
				775F63691C79A32C00839C48 /* Main.storyboard in Resources */,
			);
			runOnlyForDeploymentPostprocessing = 0;
		};
		775F63721C79A32C00839C48 /* Resources */ = {
			isa = PBXResourcesBuildPhase;
			buildActionMask = 2147483647;
			files = (
			);
			runOnlyForDeploymentPostprocessing = 0;
		};
		775F637D1C79A32C00839C48 /* Resources */ = {
			isa = PBXResourcesBuildPhase;
			buildActionMask = 2147483647;
			files = (
			);
			runOnlyForDeploymentPostprocessing = 0;
		};
/* End PBXResourcesBuildPhase section */

/* Begin PBXSourcesBuildPhase section */
		775F635C1C79A32C00839C48 /* Sources */ = {
			isa = PBXSourcesBuildPhase;
			buildActionMask = 2147483647;
			files = (
				775F63661C79A32C00839C48 /* ViewController.swift in Sources */,
				775F63641C79A32C00839C48 /* AppDelegate.swift in Sources */,
				775F63981C7F2DC400839C48 /* JCHomeViewController.swift in Sources */,
				775F639B1C7F327A00839C48 /* JCConst.swift in Sources */,
				775F63941C7F20FB00839C48 /* JCTabBarController.swift in Sources */,
			);
			runOnlyForDeploymentPostprocessing = 0;
		};
		775F63701C79A32C00839C48 /* Sources */ = {
			isa = PBXSourcesBuildPhase;
			buildActionMask = 2147483647;
			files = (
				775F63791C79A32C00839C48 /* YouKUTests.swift in Sources */,
			);
			runOnlyForDeploymentPostprocessing = 0;
		};
		775F637B1C79A32C00839C48 /* Sources */ = {
			isa = PBXSourcesBuildPhase;
			buildActionMask = 2147483647;
			files = (
				775F63841C79A32C00839C48 /* YouKUUITests.swift in Sources */,
			);
			runOnlyForDeploymentPostprocessing = 0;
		};
/* End PBXSourcesBuildPhase section */

/* Begin PBXTargetDependency section */
		775F63761C79A32C00839C48 /* PBXTargetDependency */ = {
			isa = PBXTargetDependency;
			target = 775F635F1C79A32C00839C48 /* YouKU */;
			targetProxy = 775F63751C79A32C00839C48 /* PBXContainerItemProxy */;
		};
		775F63811C79A32C00839C48 /* PBXTargetDependency */ = {
			isa = PBXTargetDependency;
			target = 775F635F1C79A32C00839C48 /* YouKU */;
			targetProxy = 775F63801C79A32C00839C48 /* PBXContainerItemProxy */;
		};
/* End PBXTargetDependency section */

/* Begin PBXVariantGroup section */
		775F63671C79A32C00839C48 /* Main.storyboard */ = {
			isa = PBXVariantGroup;
			children = (
				775F63681C79A32C00839C48 /* Base */,
			);
			name = Main.storyboard;
			sourceTree = "<group>";
		};
		775F636C1C79A32C00839C48 /* LaunchScreen.storyboard */ = {
			isa = PBXVariantGroup;
			children = (
				775F636D1C79A32C00839C48 /* Base */,
			);
			name = LaunchScreen.storyboard;
			sourceTree = "<group>";
		};
/* End PBXVariantGroup section */

/* Begin XCBuildConfiguration section */
		775F63861C79A32C00839C48 /* Debug */ = {
			isa = XCBuildConfiguration;
			buildSettings = {
				ALWAYS_SEARCH_USER_PATHS = NO;
				CLANG_CXX_LANGUAGE_STANDARD = "gnu++0x";
				CLANG_CXX_LIBRARY = "libc++";
				CLANG_ENABLE_MODULES = YES;
				CLANG_ENABLE_OBJC_ARC = YES;
				CLANG_WARN_BOOL_CONVERSION = YES;
				CLANG_WARN_CONSTANT_CONVERSION = YES;
				CLANG_WARN_DIRECT_OBJC_ISA_USAGE = YES_ERROR;
				CLANG_WARN_EMPTY_BODY = YES;
				CLANG_WARN_ENUM_CONVERSION = YES;
				CLANG_WARN_INT_CONVERSION = YES;
				CLANG_WARN_OBJC_ROOT_CLASS = YES_ERROR;
				CLANG_WARN_UNREACHABLE_CODE = YES;
				CLANG_WARN__DUPLICATE_METHOD_MATCH = YES;
				"CODE_SIGN_IDENTITY[sdk=iphoneos*]" = "iPhone Developer";
				COPY_PHASE_STRIP = NO;
				DEBUG_INFORMATION_FORMAT = dwarf;
				ENABLE_STRICT_OBJC_MSGSEND = YES;
				ENABLE_TESTABILITY = YES;
				GCC_C_LANGUAGE_STANDARD = gnu99;
				GCC_DYNAMIC_NO_PIC = NO;
				GCC_NO_COMMON_BLOCKS = YES;
				GCC_OPTIMIZATION_LEVEL = 0;
				GCC_PREPROCESSOR_DEFINITIONS = (
					"DEBUG=1",
					"$(inherited)",
				);
				GCC_WARN_64_TO_32_BIT_CONVERSION = YES;
				GCC_WARN_ABOUT_RETURN_TYPE = YES_ERROR;
				GCC_WARN_UNDECLARED_SELECTOR = YES;
				GCC_WARN_UNINITIALIZED_AUTOS = YES_AGGRESSIVE;
				GCC_WARN_UNUSED_FUNCTION = YES;
				GCC_WARN_UNUSED_VARIABLE = YES;
				IPHONEOS_DEPLOYMENT_TARGET = 9.2;
				MTL_ENABLE_DEBUG_INFO = YES;
				ONLY_ACTIVE_ARCH = YES;
				SDKROOT = iphoneos;
				SWIFT_OPTIMIZATION_LEVEL = "-Onone";
			};
			name = Debug;
		};
		775F63871C79A32C00839C48 /* Release */ = {
			isa = XCBuildConfiguration;
			buildSettings = {
				ALWAYS_SEARCH_USER_PATHS = NO;
				CLANG_CXX_LANGUAGE_STANDARD = "gnu++0x";
				CLANG_CXX_LIBRARY = "libc++";
				CLANG_ENABLE_MODULES = YES;
				CLANG_ENABLE_OBJC_ARC = YES;
				CLANG_WARN_BOOL_CONVERSION = YES;
				CLANG_WARN_CONSTANT_CONVERSION = YES;
				CLANG_WARN_DIRECT_OBJC_ISA_USAGE = YES_ERROR;
				CLANG_WARN_EMPTY_BODY = YES;
				CLANG_WARN_ENUM_CONVERSION = YES;
				CLANG_WARN_INT_CONVERSION = YES;
				CLANG_WARN_OBJC_ROOT_CLASS = YES_ERROR;
				CLANG_WARN_UNREACHABLE_CODE = YES;
				CLANG_WARN__DUPLICATE_METHOD_MATCH = YES;
				"CODE_SIGN_IDENTITY[sdk=iphoneos*]" = "iPhone Developer";
				COPY_PHASE_STRIP = NO;
				DEBUG_INFORMATION_FORMAT = "dwarf-with-dsym";
				ENABLE_NS_ASSERTIONS = NO;
				ENABLE_STRICT_OBJC_MSGSEND = YES;
				GCC_C_LANGUAGE_STANDARD = gnu99;
				GCC_NO_COMMON_BLOCKS = YES;
				GCC_WARN_64_TO_32_BIT_CONVERSION = YES;
				GCC_WARN_ABOUT_RETURN_TYPE = YES_ERROR;
				GCC_WARN_UNDECLARED_SELECTOR = YES;
				GCC_WARN_UNINITIALIZED_AUTOS = YES_AGGRESSIVE;
				GCC_WARN_UNUSED_FUNCTION = YES;
				GCC_WARN_UNUSED_VARIABLE = YES;
				IPHONEOS_DEPLOYMENT_TARGET = 9.2;
				MTL_ENABLE_DEBUG_INFO = NO;
				SDKROOT = iphoneos;
				VALIDATE_PRODUCT = YES;
			};
			name = Release;
		};
		775F63891C79A32C00839C48 /* Debug */ = {
			isa = XCBuildConfiguration;
			buildSettings = {
				ASSETCATALOG_COMPILER_APPICON_NAME = AppIcon;
				INFOPLIST_FILE = YouKU/Info.plist;
				LD_RUNPATH_SEARCH_PATHS = "$(inherited) @executable_path/Frameworks";
				PRODUCT_BUNDLE_IDENTIFIER = com.epower.YouKU;
				PRODUCT_NAME = "$(TARGET_NAME)";
			};
			name = Debug;
		};
		775F638A1C79A32C00839C48 /* Release */ = {
			isa = XCBuildConfiguration;
			buildSettings = {
				ASSETCATALOG_COMPILER_APPICON_NAME = AppIcon;
				INFOPLIST_FILE = YouKU/Info.plist;
				LD_RUNPATH_SEARCH_PATHS = "$(inherited) @executable_path/Frameworks";
				PRODUCT_BUNDLE_IDENTIFIER = com.epower.YouKU;
				PRODUCT_NAME = "$(TARGET_NAME)";
			};
			name = Release;
		};
		775F638C1C79A32C00839C48 /* Debug */ = {
			isa = XCBuildConfiguration;
			buildSettings = {
				BUNDLE_LOADER = "$(TEST_HOST)";
				INFOPLIST_FILE = YouKUTests/Info.plist;
				LD_RUNPATH_SEARCH_PATHS = "$(inherited) @executable_path/Frameworks @loader_path/Frameworks";
				PRODUCT_BUNDLE_IDENTIFIER = com.epower.YouKUTests;
				PRODUCT_NAME = "$(TARGET_NAME)";
				TEST_HOST = "$(BUILT_PRODUCTS_DIR)/YouKU.app/YouKU";
			};
			name = Debug;
		};
		775F638D1C79A32C00839C48 /* Release */ = {
			isa = XCBuildConfiguration;
			buildSettings = {
				BUNDLE_LOADER = "$(TEST_HOST)";
				INFOPLIST_FILE = YouKUTests/Info.plist;
				LD_RUNPATH_SEARCH_PATHS = "$(inherited) @executable_path/Frameworks @loader_path/Frameworks";
				PRODUCT_BUNDLE_IDENTIFIER = com.epower.YouKUTests;
				PRODUCT_NAME = "$(TARGET_NAME)";
				TEST_HOST = "$(BUILT_PRODUCTS_DIR)/YouKU.app/YouKU";
			};
			name = Release;
		};
		775F638F1C79A32C00839C48 /* Debug */ = {
			isa = XCBuildConfiguration;
			buildSettings = {
				INFOPLIST_FILE = YouKUUITests/Info.plist;
				LD_RUNPATH_SEARCH_PATHS = "$(inherited) @executable_path/Frameworks @loader_path/Frameworks";
				PRODUCT_BUNDLE_IDENTIFIER = com.epower.YouKUUITests;
				PRODUCT_NAME = "$(TARGET_NAME)";
				TEST_TARGET_NAME = YouKU;
				USES_XCTRUNNER = YES;
			};
			name = Debug;
		};
		775F63901C79A32C00839C48 /* Release */ = {
			isa = XCBuildConfiguration;
			buildSettings = {
				INFOPLIST_FILE = YouKUUITests/Info.plist;
				LD_RUNPATH_SEARCH_PATHS = "$(inherited) @executable_path/Frameworks @loader_path/Frameworks";
				PRODUCT_BUNDLE_IDENTIFIER = com.epower.YouKUUITests;
				PRODUCT_NAME = "$(TARGET_NAME)";
				TEST_TARGET_NAME = YouKU;
				USES_XCTRUNNER = YES;
			};
			name = Release;
		};
/* End XCBuildConfiguration section */

/* Begin XCConfigurationList section */
		775F635B1C79A32B00839C48 /* Build configuration list for PBXProject "YouKU" */ = {
			isa = XCConfigurationList;
			buildConfigurations = (
				775F63861C79A32C00839C48 /* Debug */,
				775F63871C79A32C00839C48 /* Release */,
			);
			defaultConfigurationIsVisible = 0;
			defaultConfigurationName = Release;
		};
		775F63881C79A32C00839C48 /* Build configuration list for PBXNativeTarget "YouKU" */ = {
			isa = XCConfigurationList;
			buildConfigurations = (
				775F63891C79A32C00839C48 /* Debug */,
				775F638A1C79A32C00839C48 /* Release */,
			);
			defaultConfigurationIsVisible = 0;
		};
		775F638B1C79A32C00839C48 /* Build configuration list for PBXNativeTarget "YouKUTests" */ = {
			isa = XCConfigurationList;
			buildConfigurations = (
				775F638C1C79A32C00839C48 /* Debug */,
				775F638D1C79A32C00839C48 /* Release */,
			);
			defaultConfigurationIsVisible = 0;
		};
		775F638E1C79A32C00839C48 /* Build configuration list for PBXNativeTarget "YouKUUITests" */ = {
			isa = XCConfigurationList;
			buildConfigurations = (
				775F638F1C79A32C00839C48 /* Debug */,
				775F63901C79A32C00839C48 /* Release */,
			);
			defaultConfigurationIsVisible = 0;
		};
/* End XCConfigurationList section */
	};
	rootObject = 775F63581C79A32B00839C48 /* Project object */;
}
